
Microsoft Visual Studio Solution File, Format Version 12.00
# Visual Studio Version 17
VisualStudioVersion = 17.5.33530.505
MinimumVisualStudioVersion = 10.0.40219.1
Project("{9A19103F-16F7-4668-BE54-9A1E7A4F7556}") = "calender-proj2", "calender-proj2.csproj", "{01AB86C2-983A-4CD9-99DD-561E2A08E281}"
EndProject
Global
	GlobalSection(SolutionConfigurationPlatforms) = preSolution
		Debug|Any CPU = Debug|Any CPU
		Release|Any CPU = Release|Any CPU
	EndGlobalSection
	GlobalSection(ProjectConfigurationPlatforms) = postSolution
		{01AB86C2-983A-4CD9-99DD-561E2A08E281}.Debug|Any CPU.ActiveCfg = Debug|Any CPU
		{01AB86C2-983A-4CD9-99DD-561E2A08E281}.Debug|Any CPU.Build.0 = Debug|Any CPU
		{01AB86C2-983A-4CD9-99DD-561E2A08E281}.Release|Any CPU.ActiveCfg = Release|Any CPU
		{01AB86C2-983A-4CD9-99DD-561E2A08E281}.Release|Any CPU.Build.0 = Release|Any CPU
	EndGlobalSection
	GlobalSection(SolutionProperties) = preSolution
		HideSolutionNode = FALSE
	EndGlobalSection
	GlobalSection(ExtensibilityGlobals) = postSolution
		SolutionGuid = {E4D03BE9-5CA5-48B7-862E-3DF3E4CDF8DE}
	EndGlobalSection
EndGlobal
