
Microsoft Visual Studio Solution File, Format Version 12.00
# Visual Studio Version 17
VisualStudioVersion = 17.5.33530.505
MinimumVisualStudioVersion = 10.0.40219.1
Project("{9A19103F-16F7-4668-BE54-9A1E7A4F7556}") = "freq-array", "freq-array.csproj", "{6A723CB1-9006-41F1-AC73-2BDA6D953E21}"
EndProject
Global
	GlobalSection(SolutionConfigurationPlatforms) = preSolution
		Debug|Any CPU = Debug|Any CPU
		Release|Any CPU = Release|Any CPU
	EndGlobalSection
	GlobalSection(ProjectConfigurationPlatforms) = postSolution
		{6A723CB1-9006-41F1-AC73-2BDA6D953E21}.Debug|Any CPU.ActiveCfg = Debug|Any CPU
		{6A723CB1-9006-41F1-AC73-2BDA6D953E21}.Debug|Any CPU.Build.0 = Debug|Any CPU
		{6A723CB1-9006-41F1-AC73-2BDA6D953E21}.Release|Any CPU.ActiveCfg = Release|Any CPU
		{6A723CB1-9006-41F1-AC73-2BDA6D953E21}.Release|Any CPU.Build.0 = Release|Any CPU
	EndGlobalSection
	GlobalSection(SolutionProperties) = preSolution
		HideSolutionNode = FALSE
	EndGlobalSection
	GlobalSection(ExtensibilityGlobals) = postSolution
		SolutionGuid = {FFFE3998-981B-4F9A-A6B8-90598E7D69F6}
	EndGlobalSection
EndGlobal
